
Microsoft Visual Studio Solution File, Format Version 12.00
# Visual Studio Version 16
VisualStudioVersion = 16.0.29025.244
MinimumVisualStudioVersion = 10.0.40219.1
Project("{FAE04EC0-301F-11D3-BF4B-00C04F79EFBC}") = "IPChange", "IPChange\IPChange.csproj", "{F7F61FB1-3587-4453-B17E-C8CF5D7CD9A0}"
EndProject
Global
	GlobalSection(SolutionConfigurationPlatforms) = preSolution
		Debug|Any CPU = Debug|Any CPU
		Release|Any CPU = Release|Any CPU
	EndGlobalSection
	GlobalSection(ProjectConfigurationPlatforms) = postSolution
		{F7F61FB1-3587-4453-B17E-C8CF5D7CD9A0}.Debug|Any CPU.ActiveCfg = Debug|Any CPU
		{F7F61FB1-3587-4453-B17E-C8CF5D7CD9A0}.Debug|Any CPU.Build.0 = Debug|Any CPU
		{F7F61FB1-3587-4453-B17E-C8CF5D7CD9A0}.Release|Any CPU.ActiveCfg = Release|Any CPU
		{F7F61FB1-3587-4453-B17E-C8CF5D7CD9A0}.Release|Any CPU.Build.0 = Release|Any CPU
	EndGlobalSection
	GlobalSection(SolutionProperties) = preSolution
		HideSolutionNode = FALSE
	EndGlobalSection
	GlobalSection(ExtensibilityGlobals) = postSolution
		SolutionGuid = {5C6E2037-5604-4162-A7CB-0798CDF75D97}
	EndGlobalSection
EndGlobal
